
Microsoft Visual Studio Solution File, Format Version 12.00
# Visual Studio Version 17
VisualStudioVersion = 17.13.35931.197 d17.13
MinimumVisualStudioVersion = 10.0.40219.1
Project("{F184B08F-C81C-45F6-A57F-5ABD9991F28F}") = "BILLING MODULE", "BILLING MODULE.vbproj", "{72A22DDC-9F3B-4B3F-A528-44FA1744BB6A}"
EndProject
Global
	GlobalSection(SolutionConfigurationPlatforms) = preSolution
		Debug|Any CPU = Debug|Any CPU
		Release|Any CPU = Release|Any CPU
	EndGlobalSection
	GlobalSection(ProjectConfigurationPlatforms) = postSolution
		{72A22DDC-9F3B-4B3F-A528-44FA1744BB6A}.Debug|Any CPU.ActiveCfg = Debug|Any CPU
		{72A22DDC-9F3B-4B3F-A528-44FA1744BB6A}.Debug|Any CPU.Build.0 = Debug|Any CPU
		{72A22DDC-9F3B-4B3F-A528-44FA1744BB6A}.Release|Any CPU.ActiveCfg = Release|Any CPU
		{72A22DDC-9F3B-4B3F-A528-44FA1744BB6A}.Release|Any CPU.Build.0 = Release|Any CPU
	EndGlobalSection
	GlobalSection(SolutionProperties) = preSolution
		HideSolutionNode = FALSE
	EndGlobalSection
	GlobalSection(ExtensibilityGlobals) = postSolution
		SolutionGuid = {81AA7DB3-904D-49D2-AD14-75C90E36B91E}
	EndGlobalSection
EndGlobal
